
Microsoft Visual Studio Solution File, Format Version 12.00
Project("{FAE04EC0-301F-11D3-BF4B-00C04F79EFBC}") = "RepairTool", "RepairTool\RepairTool.csproj", "{60940D14-7708-4275-A47C-AD02CF67CF8B}"
EndProject
Global
	GlobalSection(SolutionConfigurationPlatforms) = preSolution
		Debug|Any CPU = Debug|Any CPU
		Release|Any CPU = Release|Any CPU
	EndGlobalSection
	GlobalSection(ProjectConfigurationPlatforms) = postSolution
		{60940D14-7708-4275-A47C-AD02CF67CF8B}.Debug|Any CPU.ActiveCfg = Debug|Any CPU
		{60940D14-7708-4275-A47C-AD02CF67CF8B}.Debug|Any CPU.Build.0 = Debug|Any CPU
		{60940D14-7708-4275-A47C-AD02CF67CF8B}.Release|Any CPU.ActiveCfg = Release|Any CPU
		{60940D14-7708-4275-A47C-AD02CF67CF8B}.Release|Any CPU.Build.0 = Release|Any CPU
	EndGlobalSection
EndGlobal
